<Solution>
  <Folder Name="/Infrastructure/">
    <Project Path="Infrastructure/Migrator/Migrator.csproj" />
    <Project Path="Infrastructure/Persistence/Persistence.csproj" />
    <Project Path="Infrastructure/TelegramBot/TelegramBot.csproj" />
  </Folder>
  <Project Path="Api/Api.csproj" />
  <Project Path="Application/Application.csproj" />
  <Project Path="Domain/Domain.csproj" />
</Solution>
